
Microsoft Visual Studio Solution File, Format Version 12.00
# Visual Studio 15
VisualStudioVersion = 15.0.27703.2026
MinimumVisualStudioVersion = 10.0.40219.1
Project("{FAE04EC0-301F-11D3-BF4B-00C04F79EFBC}") = "WebApplication2", "WebApplication2\WebApplication2.csproj", "{643D804A-B982-41A1-B59D-9AB43322CF52}"
EndProject
Global
	GlobalSection(SolutionConfigurationPlatforms) = preSolution
		Debug|Any CPU = Debug|Any CPU
		Release|Any CPU = Release|Any CPU
	EndGlobalSection
	GlobalSection(ProjectConfigurationPlatforms) = postSolution
		{643D804A-B982-41A1-B59D-9AB43322CF52}.Debug|Any CPU.ActiveCfg = Debug|Any CPU
		{643D804A-B982-41A1-B59D-9AB43322CF52}.Debug|Any CPU.Build.0 = Debug|Any CPU
		{643D804A-B982-41A1-B59D-9AB43322CF52}.Release|Any CPU.ActiveCfg = Release|Any CPU
		{643D804A-B982-41A1-B59D-9AB43322CF52}.Release|Any CPU.Build.0 = Release|Any CPU
	EndGlobalSection
	GlobalSection(SolutionProperties) = preSolution
		HideSolutionNode = FALSE
	EndGlobalSection
	GlobalSection(ExtensibilityGlobals) = postSolution
		SolutionGuid = {7AD39F3F-D6D6-4E51-821E-B82C6D17DA15}
	EndGlobalSection
EndGlobal
